
Microsoft Visual Studio Solution File, Format Version 12.00
# Visual Studio Version 17
VisualStudioVersion = 17.0.31903.59
MinimumVisualStudioVersion = 10.0.40219.1
Project("{2150E333-8FDC-42A3-9474-1A3956D46DE8}") = "refs", "refs", "{D530B618-3D1B-4A84-8C49-B57F4C9B398D}"
EndProject
Project("{2150E333-8FDC-42A3-9474-1A3956D46DE8}") = "core-cs", "core-cs", "{80493C93-46A0-4A99-AA0B-2DCCDF2A0C38}"
EndProject
Project("{2150E333-8FDC-42A3-9474-1A3956D46DE8}") = "src", "src", "{92E9CF58-5B80-4BA3-95B5-5AFA21884043}"
EndProject
Project("{FAE04EC0-301F-11D3-BF4B-00C04F79EFBC}") = "Core.Avalonia", "refs\core-cs\src\Core.Avalonia\Core.Avalonia.csproj", "{505F137F-1939-40D2-AB9D-6D4770C2BFF4}"
EndProject
Project("{FAE04EC0-301F-11D3-BF4B-00C04F79EFBC}") = "Core.Base", "refs\core-cs\src\Core.Base\Core.Base.csproj", "{78EEB48F-24E7-415F-A0A0-DB2B0BC78DC1}"
EndProject
Project("{FAE04EC0-301F-11D3-BF4B-00C04F79EFBC}") = "Core.Collections", "refs\core-cs\src\Core.Collections\Core.Collections.csproj", "{86F03C32-C9FF-4364-8200-4C2A77DB7C8D}"
EndProject
Project("{FAE04EC0-301F-11D3-BF4B-00C04F79EFBC}") = "Core.Net.I2p", "refs\core-cs\src\Core.Net.I2p\Core.Net.I2p.csproj", "{34AF4AFE-F3F2-4043-A314-ABD614C93733}"
EndProject
Project("{FAE04EC0-301F-11D3-BF4B-00C04F79EFBC}") = "Core.Net.Proxies", "refs\core-cs\src\Core.Net.Proxies\Core.Net.Proxies.csproj", "{C1301B8B-70F3-4988-8C60-2F7DB678DD83}"
EndProject
Project("{FAE04EC0-301F-11D3-BF4B-00C04F79EFBC}") = "Core.Net.Upnp", "refs\core-cs\src\Core.Net.Upnp\Core.Net.Upnp.csproj", "{F603126F-9201-4331-8E7C-D92D77D4DFD8}"
EndProject
Project("{FAE04EC0-301F-11D3-BF4B-00C04F79EFBC}") = "Core.Omnikit", "refs\core-cs\src\Core.Omnikit\Core.Omnikit.csproj", "{6F572F63-9256-463D-9F03-F8C187DF779C}"
EndProject
Project("{FAE04EC0-301F-11D3-BF4B-00C04F79EFBC}") = "Core.Pipelines", "refs\core-cs\src\Core.Pipelines\Core.Pipelines.csproj", "{375F250B-9744-4D22-996E-A1181158A613}"
EndProject
Project("{FAE04EC0-301F-11D3-BF4B-00C04F79EFBC}") = "Core.RocketPack.DefinitionCompiler", "refs\core-cs\src\Core.RocketPack.DefinitionCompiler\Core.RocketPack.DefinitionCompiler.csproj", "{85C2A0B8-BD7C-49F2-8D74-BBE7DA23D9BD}"
EndProject
Project("{FAE04EC0-301F-11D3-BF4B-00C04F79EFBC}") = "Core.RocketPack", "refs\core-cs\src\Core.RocketPack\Core.RocketPack.csproj", "{B128E53C-D877-4F31-B5A7-DD75F6901D75}"
EndProject
Project("{FAE04EC0-301F-11D3-BF4B-00C04F79EFBC}") = "Core.Serialization", "refs\core-cs\src\Core.Serialization\Core.Serialization.csproj", "{BDACE991-6490-48F4-A762-8D3329889997}"
EndProject
Project("{FAE04EC0-301F-11D3-BF4B-00C04F79EFBC}") = "Core.Sql", "refs\core-cs\src\Core.Sql\Core.Sql.csproj", "{C70A702B-FDAB-4E43-A301-F7C41BE2A38A}"
EndProject
Project("{FAE04EC0-301F-11D3-BF4B-00C04F79EFBC}") = "Core.Storages", "refs\core-cs\src\Core.Storages\Core.Storages.csproj", "{4A2F461F-BE1F-41FE-91C8-F412C7CAA9F6}"
EndProject
Project("{FAE04EC0-301F-11D3-BF4B-00C04F79EFBC}") = "Core.Streams", "refs\core-cs\src\Core.Streams\Core.Streams.csproj", "{F48B9701-2576-4793-A59B-1FC05788CB29}"
EndProject
Project("{FAE04EC0-301F-11D3-BF4B-00C04F79EFBC}") = "Core.Testkit", "refs\core-cs\src\Core.Testkit\Core.Testkit.csproj", "{94CCE622-750D-4B82-9F41-2D09E984A047}"
EndProject
Project("{2150E333-8FDC-42A3-9474-1A3956D46DE8}") = "test", "test", "{41EE8C35-0ABB-4BE9-BB08-F31F6B280DE4}"
EndProject
Project("{FAE04EC0-301F-11D3-BF4B-00C04F79EFBC}") = "Core.Base.Tests", "refs\core-cs\test\Core.Base.Tests\Core.Base.Tests.csproj", "{8770AA9E-AC58-4436-A981-2F5291D2ABC5}"
EndProject
Project("{FAE04EC0-301F-11D3-BF4B-00C04F79EFBC}") = "Core.Net.I2p.Tests", "refs\core-cs\test\Core.Net.I2p.Tests\Core.Net.I2p.Tests.csproj", "{43208E95-9188-4145-BC98-D4A43982D5C5}"
EndProject
Project("{FAE04EC0-301F-11D3-BF4B-00C04F79EFBC}") = "Core.Net.Upnp.Tests", "refs\core-cs\test\Core.Net.Upnp.Tests\Core.Net.Upnp.Tests.csproj", "{B48550F4-D6DF-4562-B58D-106D08A36E5A}"
EndProject
Project("{FAE04EC0-301F-11D3-BF4B-00C04F79EFBC}") = "Core.Omnikit.Tests", "refs\core-cs\test\Core.Omnikit.Tests\Core.Omnikit.Tests.csproj", "{2F68FBA8-C79C-4853-B901-70F380C9606B}"
EndProject
Project("{FAE04EC0-301F-11D3-BF4B-00C04F79EFBC}") = "Core.Pipelines.Tests", "refs\core-cs\test\Core.Pipelines.Tests\Core.Pipelines.Tests.csproj", "{9D89DB33-9CF9-4F40-86D9-1CE0B5747F97}"
EndProject
Project("{FAE04EC0-301F-11D3-BF4B-00C04F79EFBC}") = "Core.RocketPack.DefinitionCompiler.Tests", "refs\core-cs\test\Core.RocketPack.DefinitionCompiler.Tests\Core.RocketPack.DefinitionCompiler.Tests.csproj", "{C1EF906E-1D3D-4571-898B-94D2B91A79D3}"
EndProject
Project("{FAE04EC0-301F-11D3-BF4B-00C04F79EFBC}") = "Core.RocketPack.Tests", "refs\core-cs\test\Core.RocketPack.Tests\Core.RocketPack.Tests.csproj", "{1BFD1AFA-7606-4291-B43C-2380E40FE0E4}"
EndProject
Project("{FAE04EC0-301F-11D3-BF4B-00C04F79EFBC}") = "Core.Serialization.Tests", "refs\core-cs\test\Core.Serialization.Tests\Core.Serialization.Tests.csproj", "{5E3F193D-6BD2-468D-A57F-AD7A0E5532CC}"
EndProject
Project("{FAE04EC0-301F-11D3-BF4B-00C04F79EFBC}") = "Core.Storages.Tests", "refs\core-cs\test\Core.Storages.Tests\Core.Storages.Tests.csproj", "{014345C7-363F-4580-91AE-148856EB554B}"
EndProject
Project("{FAE04EC0-301F-11D3-BF4B-00C04F79EFBC}") = "Core.Streams.Tests", "refs\core-cs\test\Core.Streams.Tests\Core.Streams.Tests.csproj", "{CDFAABC7-2114-42EC-95C6-1CB4AA79ACD2}"
EndProject
Project("{2150E333-8FDC-42A3-9474-1A3956D46DE8}") = "src", "src", "{14362A52-DBFF-4D6C-95F1-F06FE216B29F}"
EndProject
Project("{FAE04EC0-301F-11D3-BF4B-00C04F79EFBC}") = "Axus.Service", "src\Axus.Service\Axus.Service.csproj", "{DA0728A0-CFC6-44B9-B2D0-723A38A458FA}"
EndProject
Project("{FAE04EC0-301F-11D3-BF4B-00C04F79EFBC}") = "Axus.Ui.Desktop", "src\Axus.Ui.Desktop\Axus.Ui.Desktop.csproj", "{D8E1EC0E-BDF1-4C62-A88B-857197C5316D}"
EndProject
Project("{FAE04EC0-301F-11D3-BF4B-00C04F79EFBC}") = "Axus.Updater", "src\Axus.Updater\Axus.Updater.csproj", "{F0506C36-85D0-4CCA-BD88-1AB5323399BA}"
EndProject
Project("{2150E333-8FDC-42A3-9474-1A3956D46DE8}") = "test", "test", "{D22911DB-0376-4771-82CE-84309C7ABEE1}"
EndProject
Project("{FAE04EC0-301F-11D3-BF4B-00C04F79EFBC}") = "Axus.Service.Tests", "test\Axus.Service.Tests\Axus.Service.Tests.csproj", "{16C9A893-CA6B-43AF-BB27-D86B5D599E48}"
EndProject
Global
	GlobalSection(SolutionConfigurationPlatforms) = preSolution
		Debug|Any CPU = Debug|Any CPU
		Release|Any CPU = Release|Any CPU
	EndGlobalSection
	GlobalSection(SolutionProperties) = preSolution
		HideSolutionNode = FALSE
	EndGlobalSection
	GlobalSection(ProjectConfigurationPlatforms) = postSolution
		{505F137F-1939-40D2-AB9D-6D4770C2BFF4}.Debug|Any CPU.ActiveCfg = Debug|Any CPU
		{505F137F-1939-40D2-AB9D-6D4770C2BFF4}.Debug|Any CPU.Build.0 = Debug|Any CPU
		{505F137F-1939-40D2-AB9D-6D4770C2BFF4}.Release|Any CPU.ActiveCfg = Release|Any CPU
		{505F137F-1939-40D2-AB9D-6D4770C2BFF4}.Release|Any CPU.Build.0 = Release|Any CPU
		{78EEB48F-24E7-415F-A0A0-DB2B0BC78DC1}.Debug|Any CPU.ActiveCfg = Debug|Any CPU
		{78EEB48F-24E7-415F-A0A0-DB2B0BC78DC1}.Debug|Any CPU.Build.0 = Debug|Any CPU
		{78EEB48F-24E7-415F-A0A0-DB2B0BC78DC1}.Release|Any CPU.ActiveCfg = Release|Any CPU
		{78EEB48F-24E7-415F-A0A0-DB2B0BC78DC1}.Release|Any CPU.Build.0 = Release|Any CPU
		{86F03C32-C9FF-4364-8200-4C2A77DB7C8D}.Debug|Any CPU.ActiveCfg = Debug|Any CPU
		{86F03C32-C9FF-4364-8200-4C2A77DB7C8D}.Debug|Any CPU.Build.0 = Debug|Any CPU
		{86F03C32-C9FF-4364-8200-4C2A77DB7C8D}.Release|Any CPU.ActiveCfg = Release|Any CPU
		{86F03C32-C9FF-4364-8200-4C2A77DB7C8D}.Release|Any CPU.Build.0 = Release|Any CPU
		{34AF4AFE-F3F2-4043-A314-ABD614C93733}.Debug|Any CPU.ActiveCfg = Debug|Any CPU
		{34AF4AFE-F3F2-4043-A314-ABD614C93733}.Debug|Any CPU.Build.0 = Debug|Any CPU
		{34AF4AFE-F3F2-4043-A314-ABD614C93733}.Release|Any CPU.ActiveCfg = Release|Any CPU
		{34AF4AFE-F3F2-4043-A314-ABD614C93733}.Release|Any CPU.Build.0 = Release|Any CPU
		{C1301B8B-70F3-4988-8C60-2F7DB678DD83}.Debug|Any CPU.ActiveCfg = Debug|Any CPU
		{C1301B8B-70F3-4988-8C60-2F7DB678DD83}.Debug|Any CPU.Build.0 = Debug|Any CPU
		{C1301B8B-70F3-4988-8C60-2F7DB678DD83}.Release|Any CPU.ActiveCfg = Release|Any CPU
		{C1301B8B-70F3-4988-8C60-2F7DB678DD83}.Release|Any CPU.Build.0 = Release|Any CPU
		{F603126F-9201-4331-8E7C-D92D77D4DFD8}.Debug|Any CPU.ActiveCfg = Debug|Any CPU
		{F603126F-9201-4331-8E7C-D92D77D4DFD8}.Debug|Any CPU.Build.0 = Debug|Any CPU
		{F603126F-9201-4331-8E7C-D92D77D4DFD8}.Release|Any CPU.ActiveCfg = Release|Any CPU
		{F603126F-9201-4331-8E7C-D92D77D4DFD8}.Release|Any CPU.Build.0 = Release|Any CPU
		{6F572F63-9256-463D-9F03-F8C187DF779C}.Debug|Any CPU.ActiveCfg = Debug|Any CPU
		{6F572F63-9256-463D-9F03-F8C187DF779C}.Debug|Any CPU.Build.0 = Debug|Any CPU
		{6F572F63-9256-463D-9F03-F8C187DF779C}.Release|Any CPU.ActiveCfg = Release|Any CPU
		{6F572F63-9256-463D-9F03-F8C187DF779C}.Release|Any CPU.Build.0 = Release|Any CPU
		{375F250B-9744-4D22-996E-A1181158A613}.Debug|Any CPU.ActiveCfg = Debug|Any CPU
		{375F250B-9744-4D22-996E-A1181158A613}.Debug|Any CPU.Build.0 = Debug|Any CPU
		{375F250B-9744-4D22-996E-A1181158A613}.Release|Any CPU.ActiveCfg = Release|Any CPU
		{375F250B-9744-4D22-996E-A1181158A613}.Release|Any CPU.Build.0 = Release|Any CPU
		{85C2A0B8-BD7C-49F2-8D74-BBE7DA23D9BD}.Debug|Any CPU.ActiveCfg = Debug|Any CPU
		{85C2A0B8-BD7C-49F2-8D74-BBE7DA23D9BD}.Debug|Any CPU.Build.0 = Debug|Any CPU
		{85C2A0B8-BD7C-49F2-8D74-BBE7DA23D9BD}.Release|Any CPU.ActiveCfg = Release|Any CPU
		{85C2A0B8-BD7C-49F2-8D74-BBE7DA23D9BD}.Release|Any CPU.Build.0 = Release|Any CPU
		{B128E53C-D877-4F31-B5A7-DD75F6901D75}.Debug|Any CPU.ActiveCfg = Debug|Any CPU
		{B128E53C-D877-4F31-B5A7-DD75F6901D75}.Debug|Any CPU.Build.0 = Debug|Any CPU
		{B128E53C-D877-4F31-B5A7-DD75F6901D75}.Release|Any CPU.ActiveCfg = Release|Any CPU
		{B128E53C-D877-4F31-B5A7-DD75F6901D75}.Release|Any CPU.Build.0 = Release|Any CPU
		{BDACE991-6490-48F4-A762-8D3329889997}.Debug|Any CPU.ActiveCfg = Debug|Any CPU
		{BDACE991-6490-48F4-A762-8D3329889997}.Debug|Any CPU.Build.0 = Debug|Any CPU
		{BDACE991-6490-48F4-A762-8D3329889997}.Release|Any CPU.ActiveCfg = Release|Any CPU
		{BDACE991-6490-48F4-A762-8D3329889997}.Release|Any CPU.Build.0 = Release|Any CPU
		{C70A702B-FDAB-4E43-A301-F7C41BE2A38A}.Debug|Any CPU.ActiveCfg = Debug|Any CPU
		{C70A702B-FDAB-4E43-A301-F7C41BE2A38A}.Debug|Any CPU.Build.0 = Debug|Any CPU
		{C70A702B-FDAB-4E43-A301-F7C41BE2A38A}.Release|Any CPU.ActiveCfg = Release|Any CPU
		{C70A702B-FDAB-4E43-A301-F7C41BE2A38A}.Release|Any CPU.Build.0 = Release|Any CPU
		{4A2F461F-BE1F-41FE-91C8-F412C7CAA9F6}.Debug|Any CPU.ActiveCfg = Debug|Any CPU
		{4A2F461F-BE1F-41FE-91C8-F412C7CAA9F6}.Debug|Any CPU.Build.0 = Debug|Any CPU
		{4A2F461F-BE1F-41FE-91C8-F412C7CAA9F6}.Release|Any CPU.ActiveCfg = Release|Any CPU
		{4A2F461F-BE1F-41FE-91C8-F412C7CAA9F6}.Release|Any CPU.Build.0 = Release|Any CPU
		{F48B9701-2576-4793-A59B-1FC05788CB29}.Debug|Any CPU.ActiveCfg = Debug|Any CPU
		{F48B9701-2576-4793-A59B-1FC05788CB29}.Debug|Any CPU.Build.0 = Debug|Any CPU
		{F48B9701-2576-4793-A59B-1FC05788CB29}.Release|Any CPU.ActiveCfg = Release|Any CPU
		{F48B9701-2576-4793-A59B-1FC05788CB29}.Release|Any CPU.Build.0 = Release|Any CPU
		{94CCE622-750D-4B82-9F41-2D09E984A047}.Debug|Any CPU.ActiveCfg = Debug|Any CPU
		{94CCE622-750D-4B82-9F41-2D09E984A047}.Debug|Any CPU.Build.0 = Debug|Any CPU
		{94CCE622-750D-4B82-9F41-2D09E984A047}.Release|Any CPU.ActiveCfg = Release|Any CPU
		{94CCE622-750D-4B82-9F41-2D09E984A047}.Release|Any CPU.Build.0 = Release|Any CPU
		{8770AA9E-AC58-4436-A981-2F5291D2ABC5}.Debug|Any CPU.ActiveCfg = Debug|Any CPU
		{8770AA9E-AC58-4436-A981-2F5291D2ABC5}.Debug|Any CPU.Build.0 = Debug|Any CPU
		{8770AA9E-AC58-4436-A981-2F5291D2ABC5}.Release|Any CPU.ActiveCfg = Release|Any CPU
		{8770AA9E-AC58-4436-A981-2F5291D2ABC5}.Release|Any CPU.Build.0 = Release|Any CPU
		{43208E95-9188-4145-BC98-D4A43982D5C5}.Debug|Any CPU.ActiveCfg = Debug|Any CPU
		{43208E95-9188-4145-BC98-D4A43982D5C5}.Debug|Any CPU.Build.0 = Debug|Any CPU
		{43208E95-9188-4145-BC98-D4A43982D5C5}.Release|Any CPU.ActiveCfg = Release|Any CPU
		{43208E95-9188-4145-BC98-D4A43982D5C5}.Release|Any CPU.Build.0 = Release|Any CPU
		{B48550F4-D6DF-4562-B58D-106D08A36E5A}.Debug|Any CPU.ActiveCfg = Debug|Any CPU
		{B48550F4-D6DF-4562-B58D-106D08A36E5A}.Debug|Any CPU.Build.0 = Debug|Any CPU
		{B48550F4-D6DF-4562-B58D-106D08A36E5A}.Release|Any CPU.ActiveCfg = Release|Any CPU
		{B48550F4-D6DF-4562-B58D-106D08A36E5A}.Release|Any CPU.Build.0 = Release|Any CPU
		{2F68FBA8-C79C-4853-B901-70F380C9606B}.Debug|Any CPU.ActiveCfg = Debug|Any CPU
		{2F68FBA8-C79C-4853-B901-70F380C9606B}.Debug|Any CPU.Build.0 = Debug|Any CPU
		{2F68FBA8-C79C-4853-B901-70F380C9606B}.Release|Any CPU.ActiveCfg = Release|Any CPU
		{2F68FBA8-C79C-4853-B901-70F380C9606B}.Release|Any CPU.Build.0 = Release|Any CPU
		{9D89DB33-9CF9-4F40-86D9-1CE0B5747F97}.Debug|Any CPU.ActiveCfg = Debug|Any CPU
		{9D89DB33-9CF9-4F40-86D9-1CE0B5747F97}.Debug|Any CPU.Build.0 = Debug|Any CPU
		{9D89DB33-9CF9-4F40-86D9-1CE0B5747F97}.Release|Any CPU.ActiveCfg = Release|Any CPU
		{9D89DB33-9CF9-4F40-86D9-1CE0B5747F97}.Release|Any CPU.Build.0 = Release|Any CPU
		{C1EF906E-1D3D-4571-898B-94D2B91A79D3}.Debug|Any CPU.ActiveCfg = Debug|Any CPU
		{C1EF906E-1D3D-4571-898B-94D2B91A79D3}.Debug|Any CPU.Build.0 = Debug|Any CPU
		{C1EF906E-1D3D-4571-898B-94D2B91A79D3}.Release|Any CPU.ActiveCfg = Release|Any CPU
		{C1EF906E-1D3D-4571-898B-94D2B91A79D3}.Release|Any CPU.Build.0 = Release|Any CPU
		{1BFD1AFA-7606-4291-B43C-2380E40FE0E4}.Debug|Any CPU.ActiveCfg = Debug|Any CPU
		{1BFD1AFA-7606-4291-B43C-2380E40FE0E4}.Debug|Any CPU.Build.0 = Debug|Any CPU
		{1BFD1AFA-7606-4291-B43C-2380E40FE0E4}.Release|Any CPU.ActiveCfg = Release|Any CPU
		{1BFD1AFA-7606-4291-B43C-2380E40FE0E4}.Release|Any CPU.Build.0 = Release|Any CPU
		{5E3F193D-6BD2-468D-A57F-AD7A0E5532CC}.Debug|Any CPU.ActiveCfg = Debug|Any CPU
		{5E3F193D-6BD2-468D-A57F-AD7A0E5532CC}.Debug|Any CPU.Build.0 = Debug|Any CPU
		{5E3F193D-6BD2-468D-A57F-AD7A0E5532CC}.Release|Any CPU.ActiveCfg = Release|Any CPU
		{5E3F193D-6BD2-468D-A57F-AD7A0E5532CC}.Release|Any CPU.Build.0 = Release|Any CPU
		{014345C7-363F-4580-91AE-148856EB554B}.Debug|Any CPU.ActiveCfg = Debug|Any CPU
		{014345C7-363F-4580-91AE-148856EB554B}.Debug|Any CPU.Build.0 = Debug|Any CPU
		{014345C7-363F-4580-91AE-148856EB554B}.Release|Any CPU.ActiveCfg = Release|Any CPU
		{014345C7-363F-4580-91AE-148856EB554B}.Release|Any CPU.Build.0 = Release|Any CPU
		{CDFAABC7-2114-42EC-95C6-1CB4AA79ACD2}.Debug|Any CPU.ActiveCfg = Debug|Any CPU
		{CDFAABC7-2114-42EC-95C6-1CB4AA79ACD2}.Debug|Any CPU.Build.0 = Debug|Any CPU
		{CDFAABC7-2114-42EC-95C6-1CB4AA79ACD2}.Release|Any CPU.ActiveCfg = Release|Any CPU
		{CDFAABC7-2114-42EC-95C6-1CB4AA79ACD2}.Release|Any CPU.Build.0 = Release|Any CPU
		{DA0728A0-CFC6-44B9-B2D0-723A38A458FA}.Debug|Any CPU.ActiveCfg = Debug|Any CPU
		{DA0728A0-CFC6-44B9-B2D0-723A38A458FA}.Debug|Any CPU.Build.0 = Debug|Any CPU
		{DA0728A0-CFC6-44B9-B2D0-723A38A458FA}.Release|Any CPU.ActiveCfg = Release|Any CPU
		{DA0728A0-CFC6-44B9-B2D0-723A38A458FA}.Release|Any CPU.Build.0 = Release|Any CPU
		{D8E1EC0E-BDF1-4C62-A88B-857197C5316D}.Debug|Any CPU.ActiveCfg = Debug|Any CPU
		{D8E1EC0E-BDF1-4C62-A88B-857197C5316D}.Debug|Any CPU.Build.0 = Debug|Any CPU
		{D8E1EC0E-BDF1-4C62-A88B-857197C5316D}.Release|Any CPU.ActiveCfg = Release|Any CPU
		{D8E1EC0E-BDF1-4C62-A88B-857197C5316D}.Release|Any CPU.Build.0 = Release|Any CPU
		{F0506C36-85D0-4CCA-BD88-1AB5323399BA}.Debug|Any CPU.ActiveCfg = Debug|Any CPU
		{F0506C36-85D0-4CCA-BD88-1AB5323399BA}.Debug|Any CPU.Build.0 = Debug|Any CPU
		{F0506C36-85D0-4CCA-BD88-1AB5323399BA}.Release|Any CPU.ActiveCfg = Release|Any CPU
		{F0506C36-85D0-4CCA-BD88-1AB5323399BA}.Release|Any CPU.Build.0 = Release|Any CPU
		{16C9A893-CA6B-43AF-BB27-D86B5D599E48}.Debug|Any CPU.ActiveCfg = Debug|Any CPU
		{16C9A893-CA6B-43AF-BB27-D86B5D599E48}.Debug|Any CPU.Build.0 = Debug|Any CPU
		{16C9A893-CA6B-43AF-BB27-D86B5D599E48}.Release|Any CPU.ActiveCfg = Release|Any CPU
		{16C9A893-CA6B-43AF-BB27-D86B5D599E48}.Release|Any CPU.Build.0 = Release|Any CPU
	EndGlobalSection
	GlobalSection(NestedProjects) = preSolution
		{80493C93-46A0-4A99-AA0B-2DCCDF2A0C38} = {D530B618-3D1B-4A84-8C49-B57F4C9B398D}
		{92E9CF58-5B80-4BA3-95B5-5AFA21884043} = {80493C93-46A0-4A99-AA0B-2DCCDF2A0C38}
		{505F137F-1939-40D2-AB9D-6D4770C2BFF4} = {92E9CF58-5B80-4BA3-95B5-5AFA21884043}
		{78EEB48F-24E7-415F-A0A0-DB2B0BC78DC1} = {92E9CF58-5B80-4BA3-95B5-5AFA21884043}
		{86F03C32-C9FF-4364-8200-4C2A77DB7C8D} = {92E9CF58-5B80-4BA3-95B5-5AFA21884043}
		{34AF4AFE-F3F2-4043-A314-ABD614C93733} = {92E9CF58-5B80-4BA3-95B5-5AFA21884043}
		{C1301B8B-70F3-4988-8C60-2F7DB678DD83} = {92E9CF58-5B80-4BA3-95B5-5AFA21884043}
		{F603126F-9201-4331-8E7C-D92D77D4DFD8} = {92E9CF58-5B80-4BA3-95B5-5AFA21884043}
		{6F572F63-9256-463D-9F03-F8C187DF779C} = {92E9CF58-5B80-4BA3-95B5-5AFA21884043}
		{375F250B-9744-4D22-996E-A1181158A613} = {92E9CF58-5B80-4BA3-95B5-5AFA21884043}
		{85C2A0B8-BD7C-49F2-8D74-BBE7DA23D9BD} = {92E9CF58-5B80-4BA3-95B5-5AFA21884043}
		{B128E53C-D877-4F31-B5A7-DD75F6901D75} = {92E9CF58-5B80-4BA3-95B5-5AFA21884043}
		{BDACE991-6490-48F4-A762-8D3329889997} = {92E9CF58-5B80-4BA3-95B5-5AFA21884043}
		{C70A702B-FDAB-4E43-A301-F7C41BE2A38A} = {92E9CF58-5B80-4BA3-95B5-5AFA21884043}
		{4A2F461F-BE1F-41FE-91C8-F412C7CAA9F6} = {92E9CF58-5B80-4BA3-95B5-5AFA21884043}
		{F48B9701-2576-4793-A59B-1FC05788CB29} = {92E9CF58-5B80-4BA3-95B5-5AFA21884043}
		{94CCE622-750D-4B82-9F41-2D09E984A047} = {92E9CF58-5B80-4BA3-95B5-5AFA21884043}
		{41EE8C35-0ABB-4BE9-BB08-F31F6B280DE4} = {80493C93-46A0-4A99-AA0B-2DCCDF2A0C38}
		{8770AA9E-AC58-4436-A981-2F5291D2ABC5} = {41EE8C35-0ABB-4BE9-BB08-F31F6B280DE4}
		{43208E95-9188-4145-BC98-D4A43982D5C5} = {41EE8C35-0ABB-4BE9-BB08-F31F6B280DE4}
		{B48550F4-D6DF-4562-B58D-106D08A36E5A} = {41EE8C35-0ABB-4BE9-BB08-F31F6B280DE4}
		{2F68FBA8-C79C-4853-B901-70F380C9606B} = {41EE8C35-0ABB-4BE9-BB08-F31F6B280DE4}
		{9D89DB33-9CF9-4F40-86D9-1CE0B5747F97} = {41EE8C35-0ABB-4BE9-BB08-F31F6B280DE4}
		{C1EF906E-1D3D-4571-898B-94D2B91A79D3} = {41EE8C35-0ABB-4BE9-BB08-F31F6B280DE4}
		{1BFD1AFA-7606-4291-B43C-2380E40FE0E4} = {41EE8C35-0ABB-4BE9-BB08-F31F6B280DE4}
		{5E3F193D-6BD2-468D-A57F-AD7A0E5532CC} = {41EE8C35-0ABB-4BE9-BB08-F31F6B280DE4}
		{014345C7-363F-4580-91AE-148856EB554B} = {41EE8C35-0ABB-4BE9-BB08-F31F6B280DE4}
		{CDFAABC7-2114-42EC-95C6-1CB4AA79ACD2} = {41EE8C35-0ABB-4BE9-BB08-F31F6B280DE4}
		{DA0728A0-CFC6-44B9-B2D0-723A38A458FA} = {14362A52-DBFF-4D6C-95F1-F06FE216B29F}
		{D8E1EC0E-BDF1-4C62-A88B-857197C5316D} = {14362A52-DBFF-4D6C-95F1-F06FE216B29F}
		{F0506C36-85D0-4CCA-BD88-1AB5323399BA} = {14362A52-DBFF-4D6C-95F1-F06FE216B29F}
		{16C9A893-CA6B-43AF-BB27-D86B5D599E48} = {D22911DB-0376-4771-82CE-84309C7ABEE1}
	EndGlobalSection
EndGlobal
